// !$*UTF8*$!
{
	archiveVersion = 1;
	classes = {
	};
	objectVersion = 46;
	objects = {

/* Begin PBXBuildFile section */
		3631F07B1BA41D2300812FD4 /* cardflip.wav in Resources */ = {isa = PBXBuildFile; fileRef = 3631F0771BA41D2300812FD4 /* cardflip.wav */; };
		3631F07C1BA41D2300812FD4 /* dingcorrect.wav in Resources */ = {isa = PBXBuildFile; fileRef = 3631F0781BA41D2300812FD4 /* dingcorrect.wav */; };
		3631F07D1BA41D2300812FD4 /* dingwrong.wav in Resources */ = {isa = PBXBuildFile; fileRef = 3631F0791BA41D2300812FD4 /* dingwrong.wav */; };
		3631F07E1BA41D2300812FD4 /* shuffle.wav in Resources */ = {isa = PBXBuildFile; fileRef = 3631F07A1BA41D2300812FD4 /* shuffle.wav */; };
		3631F0801BA41D6900812FD4 /* AVFoundation.framework in Frameworks */ = {isa = PBXBuildFile; fileRef = 3631F07F1BA41D6900812FD4 /* AVFoundation.framework */; };
		36A0343B1BA432E000B9971A /* Images.xcassets in Resources */ = {isa = PBXBuildFile; fileRef = 36A0343A1BA432E000B9971A /* Images.xcassets */; };
		36E4797C1B9B05CD00366122 /* AppDelegate.swift in Sources */ = {isa = PBXBuildFile; fileRef = 36E4797B1B9B05CD00366122 /* AppDelegate.swift */; };
		36E4797E1B9B05CD00366122 /* ViewController.swift in Sources */ = {isa = PBXBuildFile; fileRef = 36E4797D1B9B05CD00366122 /* ViewController.swift */; };
		36E479811B9B05CD00366122 /* Main.storyboard in Resources */ = {isa = PBXBuildFile; fileRef = 36E4797F1B9B05CD00366122 /* Main.storyboard */; };
		36E479861B9B05CD00366122 /* LaunchScreen.xib in Resources */ = {isa = PBXBuildFile; fileRef = 36E479841B9B05CD00366122 /* LaunchScreen.xib */; };
		36E479921B9B05CD00366122 /* MatchTests.swift in Sources */ = {isa = PBXBuildFile; fileRef = 36E479911B9B05CD00366122 /* MatchTests.swift */; };
		36E4799C1B9B07F400366122 /* Card.swift in Sources */ = {isa = PBXBuildFile; fileRef = 36E4799B1B9B07F400366122 /* Card.swift */; };
		36E479A01B9B191800366122 /* GameModel.swift in Sources */ = {isa = PBXBuildFile; fileRef = 36E4799F1B9B191800366122 /* GameModel.swift */; };
/* End PBXBuildFile section */

/* Begin PBXContainerItemProxy section */
		36E4798C1B9B05CD00366122 /* PBXContainerItemProxy */ = {
			isa = PBXContainerItemProxy;
			containerPortal = 36E4796E1B9B05CD00366122 /* Project object */;
			proxyType = 1;
			remoteGlobalIDString = 36E479751B9B05CD00366122;
			remoteInfo = Match;
		};
/* End PBXContainerItemProxy section */

/* Begin PBXFileReference section */
		3631F0771BA41D2300812FD4 /* cardflip.wav */ = {isa = PBXFileReference; lastKnownFileType = audio.wav; path = cardflip.wav; sourceTree = "<group>"; };
		3631F0781BA41D2300812FD4 /* dingcorrect.wav */ = {isa = PBXFileReference; lastKnownFileType = audio.wav; path = dingcorrect.wav; sourceTree = "<group>"; };
		3631F0791BA41D2300812FD4 /* dingwrong.wav */ = {isa = PBXFileReference; lastKnownFileType = audio.wav; path = dingwrong.wav; sourceTree = "<group>"; };
		3631F07A1BA41D2300812FD4 /* shuffle.wav */ = {isa = PBXFileReference; lastKnownFileType = audio.wav; path = shuffle.wav; sourceTree = "<group>"; };
		3631F07F1BA41D6900812FD4 /* AVFoundation.framework */ = {isa = PBXFileReference; lastKnownFileType = wrapper.framework; name = AVFoundation.framework; path = System/Library/Frameworks/AVFoundation.framework; sourceTree = SDKROOT; };
		36A0343A1BA432E000B9971A /* Images.xcassets */ = {isa = PBXFileReference; lastKnownFileType = folder.assetcatalog; path = Images.xcassets; sourceTree = "<group>"; };
		36E479761B9B05CD00366122 /* Match.app */ = {isa = PBXFileReference; explicitFileType = wrapper.application; includeInIndex = 0; path = Match.app; sourceTree = BUILT_PRODUCTS_DIR; };
		36E4797A1B9B05CD00366122 /* Info.plist */ = {isa = PBXFileReference; lastKnownFileType = text.plist.xml; path = Info.plist; sourceTree = "<group>"; };
		36E4797B1B9B05CD00366122 /* AppDelegate.swift */ = {isa = PBXFileReference; lastKnownFileType = sourcecode.swift; path = AppDelegate.swift; sourceTree = "<group>"; };
		36E4797D1B9B05CD00366122 /* ViewController.swift */ = {isa = PBXFileReference; lastKnownFileType = sourcecode.swift; path = ViewController.swift; sourceTree = "<group>"; };
		36E479801B9B05CD00366122 /* Base */ = {isa = PBXFileReference; lastKnownFileType = file.storyboard; name = Base; path = Base.lproj/Main.storyboard; sourceTree = "<group>"; };
		36E479851B9B05CD00366122 /* Base */ = {isa = PBXFileReference; lastKnownFileType = file.xib; name = Base; path = Base.lproj/LaunchScreen.xib; sourceTree = "<group>"; };
		36E4798B1B9B05CD00366122 /* MatchTests.xctest */ = {isa = PBXFileReference; explicitFileType = wrapper.cfbundle; includeInIndex = 0; path = MatchTests.xctest; sourceTree = BUILT_PRODUCTS_DIR; };
		36E479901B9B05CD00366122 /* Info.plist */ = {isa = PBXFileReference; lastKnownFileType = text.plist.xml; path = Info.plist; sourceTree = "<group>"; };
		36E479911B9B05CD00366122 /* MatchTests.swift */ = {isa = PBXFileReference; lastKnownFileType = sourcecode.swift; path = MatchTests.swift; sourceTree = "<group>"; };
		36E4799B1B9B07F400366122 /* Card.swift */ = {isa = PBXFileReference; fileEncoding = 4; lastKnownFileType = sourcecode.swift; path = Card.swift; sourceTree = "<group>"; };
		36E4799F1B9B191800366122 /* GameModel.swift */ = {isa = PBXFileReference; fileEncoding = 4; lastKnownFileType = sourcecode.swift; path = GameModel.swift; sourceTree = "<group>"; };
/* End PBXFileReference section */

/* Begin PBXFrameworksBuildPhase section */
		36E479731B9B05CD00366122 /* Frameworks */ = {
			isa = PBXFrameworksBuildPhase;
			buildActionMask = 2147483647;
			files = (
				3631F0801BA41D6900812FD4 /* AVFoundation.framework in Frameworks */,
			);
			runOnlyForDeploymentPostprocessing = 0;
		};
		36E479881B9B05CD00366122 /* Frameworks */ = {
			isa = PBXFrameworksBuildPhase;
			buildActionMask = 2147483647;
			files = (
			);
			runOnlyForDeploymentPostprocessing = 0;
		};
/* End PBXFrameworksBuildPhase section */

/* Begin PBXGroup section */
		36E4796D1B9B05CD00366122 = {
			isa = PBXGroup;
			children = (
				3631F07F1BA41D6900812FD4 /* AVFoundation.framework */,
				36E479781B9B05CD00366122 /* Match */,
				36E4798E1B9B05CD00366122 /* MatchTests */,
				36E479771B9B05CD00366122 /* Products */,
			);
			sourceTree = "<group>";
		};
		36E479771B9B05CD00366122 /* Products */ = {
			isa = PBXGroup;
			children = (
				36E479761B9B05CD00366122 /* Match.app */,
				36E4798B1B9B05CD00366122 /* MatchTests.xctest */,
			);
			name = Products;
			sourceTree = "<group>";
		};
		36E479781B9B05CD00366122 /* Match */ = {
			isa = PBXGroup;
			children = (
				36E4797B1B9B05CD00366122 /* AppDelegate.swift */,
				36E4797D1B9B05CD00366122 /* ViewController.swift */,
				36E4799B1B9B07F400366122 /* Card.swift */,
				36E4799F1B9B191800366122 /* GameModel.swift */,
				36A0343A1BA432E000B9971A /* Images.xcassets */,
				36E4797F1B9B05CD00366122 /* Main.storyboard */,
				36E479841B9B05CD00366122 /* LaunchScreen.xib */,
				36E479791B9B05CD00366122 /* Supporting Files */,
			);
			path = Match;
			sourceTree = "<group>";
		};
		36E479791B9B05CD00366122 /* Supporting Files */ = {
			isa = PBXGroup;
			children = (
				3631F0771BA41D2300812FD4 /* cardflip.wav */,
				3631F0781BA41D2300812FD4 /* dingcorrect.wav */,
				3631F0791BA41D2300812FD4 /* dingwrong.wav */,
				3631F07A1BA41D2300812FD4 /* shuffle.wav */,
				36E4797A1B9B05CD00366122 /* Info.plist */,
			);
			name = "Supporting Files";
			sourceTree = "<group>";
		};
		36E4798E1B9B05CD00366122 /* MatchTests */ = {
			isa = PBXGroup;
			children = (
				36E479911B9B05CD00366122 /* MatchTests.swift */,
				36E4798F1B9B05CD00366122 /* Supporting Files */,
			);
			path = MatchTests;
			sourceTree = "<group>";
		};
		36E4798F1B9B05CD00366122 /* Supporting Files */ = {
			isa = PBXGroup;
			children = (
				36E479901B9B05CD00366122 /* Info.plist */,
			);
			name = "Supporting Files";
			sourceTree = "<group>";
		};
/* End PBXGroup section */

/* Begin PBXNativeTarget section */
		36E479751B9B05CD00366122 /* Match */ = {
			isa = PBXNativeTarget;
			buildConfigurationList = 36E479951B9B05CD00366122 /* Build configuration list for PBXNativeTarget "Match" */;
			buildPhases = (
				36E479721B9B05CD00366122 /* Sources */,
				36E479731B9B05CD00366122 /* Frameworks */,
				36E479741B9B05CD00366122 /* Resources */,
			);
			buildRules = (
			);
			dependencies = (
			);
			name = Match;
			productName = Match;
			productReference = 36E479761B9B05CD00366122 /* Match.app */;
			productType = "com.apple.product-type.application";
		};
		36E4798A1B9B05CD00366122 /* MatchTests */ = {
			isa = PBXNativeTarget;
			buildConfigurationList = 36E479981B9B05CD00366122 /* Build configuration list for PBXNativeTarget "MatchTests" */;
			buildPhases = (
				36E479871B9B05CD00366122 /* Sources */,
				36E479881B9B05CD00366122 /* Frameworks */,
				36E479891B9B05CD00366122 /* Resources */,
			);
			buildRules = (
			);
			dependencies = (
				36E4798D1B9B05CD00366122 /* PBXTargetDependency */,
			);
			name = MatchTests;
			productName = MatchTests;
			productReference = 36E4798B1B9B05CD00366122 /* MatchTests.xctest */;
			productType = "com.apple.product-type.bundle.unit-test";
		};
/* End PBXNativeTarget section */

/* Begin PBXProject section */
		36E4796E1B9B05CD00366122 /* Project object */ = {
			isa = PBXProject;
			attributes = {
				LastUpgradeCheck = 0640;
				ORGANIZATIONNAME = "Camille Diez";
				TargetAttributes = {
					36E479751B9B05CD00366122 = {
						CreatedOnToolsVersion = 6.4;
					};
					36E4798A1B9B05CD00366122 = {
						CreatedOnToolsVersion = 6.4;
						TestTargetID = 36E479751B9B05CD00366122;
					};
				};
			};
			buildConfigurationList = 36E479711B9B05CD00366122 /* Build configuration list for PBXProject "Match" */;
			compatibilityVersion = "Xcode 3.2";
			developmentRegion = English;
			hasScannedForEncodings = 0;
			knownRegions = (
				en,
				Base,
			);
			mainGroup = 36E4796D1B9B05CD00366122;
			productRefGroup = 36E479771B9B05CD00366122 /* Products */;
			projectDirPath = "";
			projectRoot = "";
			targets = (
				36E479751B9B05CD00366122 /* Match */,
				36E4798A1B9B05CD00366122 /* MatchTests */,
			);
		};
/* End PBXProject section */

/* Begin PBXResourcesBuildPhase section */
		36E479741B9B05CD00366122 /* Resources */ = {
			isa = PBXResourcesBuildPhase;
			buildActionMask = 2147483647;
			files = (
				36E479811B9B05CD00366122 /* Main.storyboard in Resources */,
				3631F07C1BA41D2300812FD4 /* dingcorrect.wav in Resources */,
				36A0343B1BA432E000B9971A /* Images.xcassets in Resources */,
				3631F07D1BA41D2300812FD4 /* dingwrong.wav in Resources */,
				3631F07E1BA41D2300812FD4 /* shuffle.wav in Resources */,
				3631F07B1BA41D2300812FD4 /* cardflip.wav in Resources */,
				36E479861B9B05CD00366122 /* LaunchScreen.xib in Resources */,
			);
			runOnlyForDeploymentPostprocessing = 0;
		};
		36E479891B9B05CD00366122 /* Resources */ = {
			isa = PBXResourcesBuildPhase;
			buildActionMask = 2147483647;
			files = (
			);
			runOnlyForDeploymentPostprocessing = 0;
		};
/* End PBXResourcesBuildPhase section */

/* Begin PBXSourcesBuildPhase section */
		36E479721B9B05CD00366122 /* Sources */ = {
			isa = PBXSourcesBuildPhase;
			buildActionMask = 2147483647;
			files = (
				36E4797E1B9B05CD00366122 /* ViewController.swift in Sources */,
				36E479A01B9B191800366122 /* GameModel.swift in Sources */,
				36E4799C1B9B07F400366122 /* Card.swift in Sources */,
				36E4797C1B9B05CD00366122 /* AppDelegate.swift in Sources */,
			);
			runOnlyForDeploymentPostprocessing = 0;
		};
		36E479871B9B05CD00366122 /* Sources */ = {
			isa = PBXSourcesBuildPhase;
			buildActionMask = 2147483647;
			files = (
				36E479921B9B05CD00366122 /* MatchTests.swift in Sources */,
			);
			runOnlyForDeploymentPostprocessing = 0;
		};
/* End PBXSourcesBuildPhase section */

/* Begin PBXTargetDependency section */
		36E4798D1B9B05CD00366122 /* PBXTargetDependency */ = {
			isa = PBXTargetDependency;
			target = 36E479751B9B05CD00366122 /* Match */;
			targetProxy = 36E4798C1B9B05CD00366122 /* PBXContainerItemProxy */;
		};
/* End PBXTargetDependency section */

/* Begin PBXVariantGroup section */
		36E4797F1B9B05CD00366122 /* Main.storyboard */ = {
			isa = PBXVariantGroup;
			children = (
				36E479801B9B05CD00366122 /* Base */,
			);
			name = Main.storyboard;
			sourceTree = "<group>";
		};
		36E479841B9B05CD00366122 /* LaunchScreen.xib */ = {
			isa = PBXVariantGroup;
			children = (
				36E479851B9B05CD00366122 /* Base */,
			);
			name = LaunchScreen.xib;
			sourceTree = "<group>";
		};
/* End PBXVariantGroup section */

/* Begin XCBuildConfiguration section */
		36E479931B9B05CD00366122 /* Debug */ = {
			isa = XCBuildConfiguration;
			buildSettings = {
				ALWAYS_SEARCH_USER_PATHS = NO;
				CLANG_CXX_LANGUAGE_STANDARD = "gnu++0x";
				CLANG_CXX_LIBRARY = "libc++";
				CLANG_ENABLE_MODULES = YES;
				CLANG_ENABLE_OBJC_ARC = YES;
				CLANG_WARN_BOOL_CONVERSION = YES;
				CLANG_WARN_CONSTANT_CONVERSION = YES;
				CLANG_WARN_DIRECT_OBJC_ISA_USAGE = YES_ERROR;
				CLANG_WARN_EMPTY_BODY = YES;
				CLANG_WARN_ENUM_CONVERSION = YES;
				CLANG_WARN_INT_CONVERSION = YES;
				CLANG_WARN_OBJC_ROOT_CLASS = YES_ERROR;
				CLANG_WARN_UNREACHABLE_CODE = YES;
				CLANG_WARN__DUPLICATE_METHOD_MATCH = YES;
				"CODE_SIGN_IDENTITY[sdk=iphoneos*]" = "iPhone Developer";
				COPY_PHASE_STRIP = NO;
				DEBUG_INFORMATION_FORMAT = "dwarf-with-dsym";
				ENABLE_STRICT_OBJC_MSGSEND = YES;
				GCC_C_LANGUAGE_STANDARD = gnu99;
				GCC_DYNAMIC_NO_PIC = NO;
				GCC_NO_COMMON_BLOCKS = YES;
				GCC_OPTIMIZATION_LEVEL = 0;
				GCC_PREPROCESSOR_DEFINITIONS = (
					"DEBUG=1",
					"$(inherited)",
				);
				GCC_SYMBOLS_PRIVATE_EXTERN = NO;
				GCC_WARN_64_TO_32_BIT_CONVERSION = YES;
				GCC_WARN_ABOUT_RETURN_TYPE = YES_ERROR;
				GCC_WARN_UNDECLARED_SELECTOR = YES;
				GCC_WARN_UNINITIALIZED_AUTOS = YES_AGGRESSIVE;
				GCC_WARN_UNUSED_FUNCTION = YES;
				GCC_WARN_UNUSED_VARIABLE = YES;
				IPHONEOS_DEPLOYMENT_TARGET = 8.4;
				MTL_ENABLE_DEBUG_INFO = YES;
				ONLY_ACTIVE_ARCH = YES;
				SDKROOT = iphoneos;
				SWIFT_OPTIMIZATION_LEVEL = "-Onone";
			};
			name = Debug;
		};
		36E479941B9B05CD00366122 /* Release */ = {
			isa = XCBuildConfiguration;
			buildSettings = {
				ALWAYS_SEARCH_USER_PATHS = NO;
				CLANG_CXX_LANGUAGE_STANDARD = "gnu++0x";
				CLANG_CXX_LIBRARY = "libc++";
				CLANG_ENABLE_MODULES = YES;
				CLANG_ENABLE_OBJC_ARC = YES;
				CLANG_WARN_BOOL_CONVERSION = YES;
				CLANG_WARN_CONSTANT_CONVERSION = YES;
				CLANG_WARN_DIRECT_OBJC_ISA_USAGE = YES_ERROR;
				CLANG_WARN_EMPTY_BODY = YES;
				CLANG_WARN_ENUM_CONVERSION = YES;
				CLANG_WARN_INT_CONVERSION = YES;
				CLANG_WARN_OBJC_ROOT_CLASS = YES_ERROR;
				CLANG_WARN_UNREACHABLE_CODE = YES;
				CLANG_WARN__DUPLICATE_METHOD_MATCH = YES;
				"CODE_SIGN_IDENTITY[sdk=iphoneos*]" = "iPhone Developer";
				COPY_PHASE_STRIP = NO;
				DEBUG_INFORMATION_FORMAT = "dwarf-with-dsym";
				ENABLE_NS_ASSERTIONS = NO;
				ENABLE_STRICT_OBJC_MSGSEND = YES;
				GCC_C_LANGUAGE_STANDARD = gnu99;
				GCC_NO_COMMON_BLOCKS = YES;
				GCC_WARN_64_TO_32_BIT_CONVERSION = YES;
				GCC_WARN_ABOUT_RETURN_TYPE = YES_ERROR;
				GCC_WARN_UNDECLARED_SELECTOR = YES;
				GCC_WARN_UNINITIALIZED_AUTOS = YES_AGGRESSIVE;
				GCC_WARN_UNUSED_FUNCTION = YES;
				GCC_WARN_UNUSED_VARIABLE = YES;
				IPHONEOS_DEPLOYMENT_TARGET = 8.4;
				MTL_ENABLE_DEBUG_INFO = NO;
				SDKROOT = iphoneos;
				VALIDATE_PRODUCT = YES;
			};
			name = Release;
		};
		36E479961B9B05CD00366122 /* Debug */ = {
			isa = XCBuildConfiguration;
			buildSettings = {
				ASSETCATALOG_COMPILER_APPICON_NAME = AppIcon;
				INFOPLIST_FILE = Match/Info.plist;
				LD_RUNPATH_SEARCH_PATHS = "$(inherited) @executable_path/Frameworks";
				PRODUCT_NAME = "$(TARGET_NAME)";
			};
			name = Debug;
		};
		36E479971B9B05CD00366122 /* Release */ = {
			isa = XCBuildConfiguration;
			buildSettings = {
				ASSETCATALOG_COMPILER_APPICON_NAME = AppIcon;
				INFOPLIST_FILE = Match/Info.plist;
				LD_RUNPATH_SEARCH_PATHS = "$(inherited) @executable_path/Frameworks";
				PRODUCT_NAME = "$(TARGET_NAME)";
			};
			name = Release;
		};
		36E479991B9B05CD00366122 /* Debug */ = {
			isa = XCBuildConfiguration;
			buildSettings = {
				BUNDLE_LOADER = "$(TEST_HOST)";
				FRAMEWORK_SEARCH_PATHS = (
					"$(SDKROOT)/Developer/Library/Frameworks",
					"$(inherited)",
				);
				GCC_PREPROCESSOR_DEFINITIONS = (
					"DEBUG=1",
					"$(inherited)",
				);
				INFOPLIST_FILE = MatchTests/Info.plist;
				LD_RUNPATH_SEARCH_PATHS = "$(inherited) @executable_path/Frameworks @loader_path/Frameworks";
				PRODUCT_NAME = "$(TARGET_NAME)";
				TEST_HOST = "$(BUILT_PRODUCTS_DIR)/Match.app/Match";
			};
			name = Debug;
		};
		36E4799A1B9B05CD00366122 /* Release */ = {
			isa = XCBuildConfiguration;
			buildSettings = {
				BUNDLE_LOADER = "$(TEST_HOST)";
				FRAMEWORK_SEARCH_PATHS = (
					"$(SDKROOT)/Developer/Library/Frameworks",
					"$(inherited)",
				);
				INFOPLIST_FILE = MatchTests/Info.plist;
				LD_RUNPATH_SEARCH_PATHS = "$(inherited) @executable_path/Frameworks @loader_path/Frameworks";
				PRODUCT_NAME = "$(TARGET_NAME)";
				TEST_HOST = "$(BUILT_PRODUCTS_DIR)/Match.app/Match";
			};
			name = Release;
		};
/* End XCBuildConfiguration section */

/* Begin XCConfigurationList section */
		36E479711B9B05CD00366122 /* Build configuration list for PBXProject "Match" */ = {
			isa = XCConfigurationList;
			buildConfigurations = (
				36E479931B9B05CD00366122 /* Debug */,
				36E479941B9B05CD00366122 /* Release */,
			);
			defaultConfigurationIsVisible = 0;
			defaultConfigurationName = Release;
		};
		36E479951B9B05CD00366122 /* Build configuration list for PBXNativeTarget "Match" */ = {
			isa = XCConfigurationList;
			buildConfigurations = (
				36E479961B9B05CD00366122 /* Debug */,
				36E479971B9B05CD00366122 /* Release */,
			);
			defaultConfigurationIsVisible = 0;
			defaultConfigurationName = Release;
		};
		36E479981B9B05CD00366122 /* Build configuration list for PBXNativeTarget "MatchTests" */ = {
			isa = XCConfigurationList;
			buildConfigurations = (
				36E479991B9B05CD00366122 /* Debug */,
				36E4799A1B9B05CD00366122 /* Release */,
			);
			defaultConfigurationIsVisible = 0;
			defaultConfigurationName = Release;
		};
/* End XCConfigurationList section */
	};
	rootObject = 36E4796E1B9B05CD00366122 /* Project object */;
}
